
Microsoft Visual Studio Solution File, Format Version 12.00
# Visual Studio Version 17
VisualStudioVersion = 17.9.34622.214
MinimumVisualStudioVersion = 10.0.40219.1
Project("{9A19103F-16F7-4668-BE54-9A1E7A4F7556}") = "CoffeeSubscriptionManager.API", "CoffeeSubscriptionManager.API\CoffeeSubscriptionManager.API.csproj", "{973DE882-A346-46CE-9B9B-FC5CD4259F8E}"
EndProject
Project("{9A19103F-16F7-4668-BE54-9A1E7A4F7556}") = "CoffeeSubscriptionManager.FrontEnd", "CoffeeSubscriptionManager.FrontEnd\CoffeeSubscriptionManager.FrontEnd.csproj", "{284FF89D-A839-4ED8-9984-21220E4D03E4}"
EndProject
Project("{FAE04EC0-301F-11D3-BF4B-00C04F79EFBC}") = "CoffeeSubscriptionManager.DAL", "CoffeeSubscriptionManager.DAL\CoffeeSubscriptionManager.DAL.csproj", "{72E74710-8674-4079-B8A4-3D0756D74437}"
EndProject
Project("{FAE04EC0-301F-11D3-BF4B-00C04F79EFBC}") = "CoffeeSubscriptionManager.Models", "CoffeeSubscriptionManager.Models\CoffeeSubscriptionManager.Models.csproj", "{4A979D17-27A1-40A5-ADE9-670EC31F661F}"
EndProject
Global
	GlobalSection(SolutionConfigurationPlatforms) = preSolution
		Debug|Any CPU = Debug|Any CPU
		Release|Any CPU = Release|Any CPU
	EndGlobalSection
	GlobalSection(ProjectConfigurationPlatforms) = postSolution
		{973DE882-A346-46CE-9B9B-FC5CD4259F8E}.Debug|Any CPU.ActiveCfg = Debug|Any CPU
		{973DE882-A346-46CE-9B9B-FC5CD4259F8E}.Debug|Any CPU.Build.0 = Debug|Any CPU
		{973DE882-A346-46CE-9B9B-FC5CD4259F8E}.Release|Any CPU.ActiveCfg = Release|Any CPU
		{973DE882-A346-46CE-9B9B-FC5CD4259F8E}.Release|Any CPU.Build.0 = Release|Any CPU
		{284FF89D-A839-4ED8-9984-21220E4D03E4}.Debug|Any CPU.ActiveCfg = Debug|Any CPU
		{284FF89D-A839-4ED8-9984-21220E4D03E4}.Debug|Any CPU.Build.0 = Debug|Any CPU
		{284FF89D-A839-4ED8-9984-21220E4D03E4}.Release|Any CPU.ActiveCfg = Release|Any CPU
		{284FF89D-A839-4ED8-9984-21220E4D03E4}.Release|Any CPU.Build.0 = Release|Any CPU
		{72E74710-8674-4079-B8A4-3D0756D74437}.Debug|Any CPU.ActiveCfg = Debug|Any CPU
		{72E74710-8674-4079-B8A4-3D0756D74437}.Debug|Any CPU.Build.0 = Debug|Any CPU
		{72E74710-8674-4079-B8A4-3D0756D74437}.Release|Any CPU.ActiveCfg = Release|Any CPU
		{72E74710-8674-4079-B8A4-3D0756D74437}.Release|Any CPU.Build.0 = Release|Any CPU
		{4A979D17-27A1-40A5-ADE9-670EC31F661F}.Debug|Any CPU.ActiveCfg = Debug|Any CPU
		{4A979D17-27A1-40A5-ADE9-670EC31F661F}.Debug|Any CPU.Build.0 = Debug|Any CPU
		{4A979D17-27A1-40A5-ADE9-670EC31F661F}.Release|Any CPU.ActiveCfg = Release|Any CPU
		{4A979D17-27A1-40A5-ADE9-670EC31F661F}.Release|Any CPU.Build.0 = Release|Any CPU
	EndGlobalSection
	GlobalSection(SolutionProperties) = preSolution
		HideSolutionNode = FALSE
	EndGlobalSection
	GlobalSection(ExtensibilityGlobals) = postSolution
		SolutionGuid = {614F0BF2-C593-4032-A602-0485A468BAB5}
	EndGlobalSection
EndGlobal
