
Microsoft Visual Studio Solution File, Format Version 12.00
# Visual Studio Version 17
VisualStudioVersion = 17.9.34622.214
MinimumVisualStudioVersion = 10.0.40219.1
Project("{9A19103F-16F7-4668-BE54-9A1E7A4F7556}") = "CoffeeSubscriptionManager.API", "CoffeeSubscriptionManager.API\CoffeeSubscriptionManager.API.csproj", "{973DE882-A346-46CE-9B9B-FC5CD4259F8E}"
EndProject
Project("{9A19103F-16F7-4668-BE54-9A1E7A4F7556}") = "CoffeeSubscriptionManager.FrontEnd", "CoffeeSubscriptionManager.FrontEnd\CoffeeSubscriptionManager.FrontEnd.csproj", "{284FF89D-A839-4ED8-9984-21220E4D03E4}"
EndProject
Project("{9A19103F-16F7-4668-BE54-9A1E7A4F7556}") = "CoffeeSubscriptionManager.Models", "CoffeeSubscriptionManager.Models\CoffeeSubscriptionManager.Models.csproj", "{4A979D17-27A1-40A5-ADE9-670EC31F661F}"
EndProject
Project("{9A19103F-16F7-4668-BE54-9A1E7A4F7556}") = "CoffeeSubscriptionManager.DAL", "CoffeeSubscriptionManager.DAL\CoffeeSubscriptionManager.DAL.csproj", "{0AED26F4-6190-46E9-9F38-AC0D8C99899A}"
EndProject
Project("{9A19103F-16F7-4668-BE54-9A1E7A4F7556}") = "CoffeeSubscriptionManager.Services", "CoffeeSubscriptionManager.Services\CoffeeSubscriptionManager.Services.csproj", "{286ABCD2-D7B2-4552-AD1F-5A3DD10E91FB}"
EndProject
Project("{9A19103F-16F7-4668-BE54-9A1E7A4F7556}") = "CoffeeSubscriptionManager.Repository", "CoffeeSubscriptionManager.Repository\CoffeeSubscriptionManager.Repository.csproj", "{1FF938F5-BCF8-4CFB-BFED-99C261041FF0}"
EndProject
Project("{FAE04EC0-301F-11D3-BF4B-00C04F79EFBC}") = "CoffeeSubscriptionManager.Tests", "CoffeeSubscriptionManager.Tests\CoffeeSubscriptionManager.Tests.csproj", "{8DCDB6F6-E1AE-40F7-A99E-D9DED398B7A3}"
EndProject
Global
	GlobalSection(SolutionConfigurationPlatforms) = preSolution
		Debug|Any CPU = Debug|Any CPU
		Release|Any CPU = Release|Any CPU
	EndGlobalSection
	GlobalSection(ProjectConfigurationPlatforms) = postSolution
		{973DE882-A346-46CE-9B9B-FC5CD4259F8E}.Debug|Any CPU.ActiveCfg = Debug|Any CPU
		{973DE882-A346-46CE-9B9B-FC5CD4259F8E}.Debug|Any CPU.Build.0 = Debug|Any CPU
		{973DE882-A346-46CE-9B9B-FC5CD4259F8E}.Release|Any CPU.ActiveCfg = Release|Any CPU
		{973DE882-A346-46CE-9B9B-FC5CD4259F8E}.Release|Any CPU.Build.0 = Release|Any CPU
		{284FF89D-A839-4ED8-9984-21220E4D03E4}.Debug|Any CPU.ActiveCfg = Debug|Any CPU
		{284FF89D-A839-4ED8-9984-21220E4D03E4}.Debug|Any CPU.Build.0 = Debug|Any CPU
		{284FF89D-A839-4ED8-9984-21220E4D03E4}.Release|Any CPU.ActiveCfg = Release|Any CPU
		{284FF89D-A839-4ED8-9984-21220E4D03E4}.Release|Any CPU.Build.0 = Release|Any CPU
		{4A979D17-27A1-40A5-ADE9-670EC31F661F}.Debug|Any CPU.ActiveCfg = Debug|Any CPU
		{4A979D17-27A1-40A5-ADE9-670EC31F661F}.Debug|Any CPU.Build.0 = Debug|Any CPU
		{4A979D17-27A1-40A5-ADE9-670EC31F661F}.Release|Any CPU.ActiveCfg = Release|Any CPU
		{4A979D17-27A1-40A5-ADE9-670EC31F661F}.Release|Any CPU.Build.0 = Release|Any CPU
		{0AED26F4-6190-46E9-9F38-AC0D8C99899A}.Debug|Any CPU.ActiveCfg = Debug|Any CPU
		{0AED26F4-6190-46E9-9F38-AC0D8C99899A}.Debug|Any CPU.Build.0 = Debug|Any CPU
		{0AED26F4-6190-46E9-9F38-AC0D8C99899A}.Release|Any CPU.ActiveCfg = Release|Any CPU
		{0AED26F4-6190-46E9-9F38-AC0D8C99899A}.Release|Any CPU.Build.0 = Release|Any CPU
		{286ABCD2-D7B2-4552-AD1F-5A3DD10E91FB}.Debug|Any CPU.ActiveCfg = Debug|Any CPU
		{286ABCD2-D7B2-4552-AD1F-5A3DD10E91FB}.Debug|Any CPU.Build.0 = Debug|Any CPU
		{286ABCD2-D7B2-4552-AD1F-5A3DD10E91FB}.Release|Any CPU.ActiveCfg = Release|Any CPU
		{286ABCD2-D7B2-4552-AD1F-5A3DD10E91FB}.Release|Any CPU.Build.0 = Release|Any CPU
		{1FF938F5-BCF8-4CFB-BFED-99C261041FF0}.Debug|Any CPU.ActiveCfg = Debug|Any CPU
		{1FF938F5-BCF8-4CFB-BFED-99C261041FF0}.Debug|Any CPU.Build.0 = Debug|Any CPU
		{1FF938F5-BCF8-4CFB-BFED-99C261041FF0}.Release|Any CPU.ActiveCfg = Release|Any CPU
		{1FF938F5-BCF8-4CFB-BFED-99C261041FF0}.Release|Any CPU.Build.0 = Release|Any CPU
		{8DCDB6F6-E1AE-40F7-A99E-D9DED398B7A3}.Debug|Any CPU.ActiveCfg = Debug|Any CPU
		{8DCDB6F6-E1AE-40F7-A99E-D9DED398B7A3}.Debug|Any CPU.Build.0 = Debug|Any CPU
		{8DCDB6F6-E1AE-40F7-A99E-D9DED398B7A3}.Release|Any CPU.ActiveCfg = Release|Any CPU
		{8DCDB6F6-E1AE-40F7-A99E-D9DED398B7A3}.Release|Any CPU.Build.0 = Release|Any CPU
	EndGlobalSection
	GlobalSection(SolutionProperties) = preSolution
		HideSolutionNode = FALSE
	EndGlobalSection
	GlobalSection(ExtensibilityGlobals) = postSolution
		SolutionGuid = {614F0BF2-C593-4032-A602-0485A468BAB5}
	EndGlobalSection
EndGlobal
